
Microsoft Visual Studio Solution File, Format Version 12.00
# Visual Studio Version 17
VisualStudioVersion = 17.14.36212.18
MinimumVisualStudioVersion = 10.0.40219.1
Project("{FAE04EC0-301F-11D3-BF4B-00C04F79EFBC}") = "Fixture Maker App", "Fixture Maker App\Fixture Maker App.csproj", "{27F2B82E-5354-4D6E-A179-02B31D10E98C}"
EndProject
Project("{FAE04EC0-301F-11D3-BF4B-00C04F79EFBC}") = "ShapeKernel", "external\ShapeKernel\ShapeKernel.csproj", "{94D23284-DC0C-1023-B975-F0F2C59D618B}"
EndProject
Global
	GlobalSection(SolutionConfigurationPlatforms) = preSolution
		Debug|Any CPU = Debug|Any CPU
		Release|Any CPU = Release|Any CPU
	EndGlobalSection
	GlobalSection(ProjectConfigurationPlatforms) = postSolution
		{27F2B82E-5354-4D6E-A179-02B31D10E98C}.Debug|Any CPU.ActiveCfg = Debug|Any CPU
		{27F2B82E-5354-4D6E-A179-02B31D10E98C}.Debug|Any CPU.Build.0 = Debug|Any CPU
		{27F2B82E-5354-4D6E-A179-02B31D10E98C}.Release|Any CPU.ActiveCfg = Release|Any CPU
		{27F2B82E-5354-4D6E-A179-02B31D10E98C}.Release|Any CPU.Build.0 = Release|Any CPU
		{94D23284-DC0C-1023-B975-F0F2C59D618B}.Debug|Any CPU.ActiveCfg = Debug|Any CPU
		{94D23284-DC0C-1023-B975-F0F2C59D618B}.Debug|Any CPU.Build.0 = Debug|Any CPU
		{94D23284-DC0C-1023-B975-F0F2C59D618B}.Release|Any CPU.ActiveCfg = Release|Any CPU
		{94D23284-DC0C-1023-B975-F0F2C59D618B}.Release|Any CPU.Build.0 = Release|Any CPU
	EndGlobalSection
	GlobalSection(SolutionProperties) = preSolution
		HideSolutionNode = FALSE
	EndGlobalSection
	GlobalSection(ExtensibilityGlobals) = postSolution
		SolutionGuid = {A1AEFA47-0583-47DE-8241-4242B21CBBE6}
	EndGlobalSection
EndGlobal
